Microsoft Visual Studio Solution File, Format Version 12.00
# Visual Studio Version 16
VisualStudioVersion = 16.0.29709.97
MinimumVisualStudioVersion = 10.0.40219.1
Project("{2150E333-8FDC-42A3-9474-1A3956D46DE8}") = "build", "build", "{31CE1F6B-8D65-44A4-8AE7-53A2C2C87651}"
EndProject
Project("{2150E333-8FDC-42A3-9474-1A3956D46DE8}") = "src", "src", "{321DAC19-C195-4D8F-89E2-DF6EB1C8874A}"
EndProject
Project("{9A19103F-16F7-4668-BE54-9A1E7A4F7556}") = "Statiq.Docs.Build", "build\Statiq.Docs.Build\Statiq.Docs.Build.csproj", "{5ECC9A49-F53B-44B4-BBB4-0C3767F0F060}"
EndProject
Project("{9A19103F-16F7-4668-BE54-9A1E7A4F7556}") = "Statiq.Docs", "src\Statiq.Docs\Statiq.Docs.csproj", "{567B5D3B-6093-4405-9A6A-466E0FB316EB}"
EndProject
Global
	GlobalSection(SolutionConfigurationPlatforms) = preSolution
		Debug|Any CPU = Debug|Any CPU
		Release|Any CPU = Release|Any CPU
	EndGlobalSection
	GlobalSection(ProjectConfigurationPlatforms) = postSolution
		{5ECC9A49-F53B-44B4-BBB4-0C3767F0F060}.Debug|Any CPU.ActiveCfg = Debug|Any CPU
		{5ECC9A49-F53B-44B4-BBB4-0C3767F0F060}.Debug|Any CPU.Build.0 = Debug|Any CPU
		{5ECC9A49-F53B-44B4-BBB4-0C3767F0F060}.Release|Any CPU.ActiveCfg = Release|Any CPU
		{5ECC9A49-F53B-44B4-BBB4-0C3767F0F060}.Release|Any CPU.Build.0 = Release|Any CPU
		{567B5D3B-6093-4405-9A6A-466E0FB316EB}.Debug|Any CPU.ActiveCfg = Debug|Any CPU
		{567B5D3B-6093-4405-9A6A-466E0FB316EB}.Debug|Any CPU.Build.0 = Debug|Any CPU
		{567B5D3B-6093-4405-9A6A-466E0FB316EB}.Release|Any CPU.ActiveCfg = Release|Any CPU
		{567B5D3B-6093-4405-9A6A-466E0FB316EB}.Release|Any CPU.Build.0 = Release|Any CPU
	EndGlobalSection
	GlobalSection(SolutionProperties) = preSolution
		HideSolutionNode = FALSE
	EndGlobalSection
	GlobalSection(NestedProjects) = preSolution
		{5ECC9A49-F53B-44B4-BBB4-0C3767F0F060} = {31CE1F6B-8D65-44A4-8AE7-53A2C2C87651}
		{567B5D3B-6093-4405-9A6A-466E0FB316EB} = {321DAC19-C195-4D8F-89E2-DF6EB1C8874A}
	EndGlobalSection
	GlobalSection(ExtensibilityGlobals) = postSolution
		SolutionGuid = {B27D5581-8707-47FB-9411-C4FE433B0CBD}
	EndGlobalSection
EndGlobal
